
Microsoft Visual Studio Solution File, Format Version 12.00
# Visual Studio Version 16
VisualStudioVersion = 16.0.33927.289
MinimumVisualStudioVersion = 10.0.40219.1
Project("{2150E333-8FDC-42A3-9474-1A3956D46DE8}") = "Task0", "Task0", "{2FFD6B87-1458-4165-A8DD-125D44E8C2C2}"
EndProject
Project("{FAE04EC0-301F-11D3-BF4B-00C04F79EFBC}") = "Tyuiu.NikolaichukVS.Sprint3.Task0.V4", "Tyuiu.NikolaichukVS.Sprint3.Task0.V4\Tyuiu.NikolaichukVS.Sprint3.Task0.V4.csproj", "{2020A10F-54EA-4954-90CB-B7F33BABB35C}"
EndProject
Project("{FAE04EC0-301F-11D3-BF4B-00C04F79EFBC}") = "Tyuiu.NikolaichukVS.Sprint3.Task0.V4.Lib", "Tyuiu.NikolaichukVS.Sprint3.Task0.V4.Lib\Tyuiu.NikolaichukVS.Sprint3.Task0.V4.Lib.csproj", "{32C612B8-7560-4BAB-8925-72ECCD7C486E}"
EndProject
Project("{FAE04EC0-301F-11D3-BF4B-00C04F79EFBC}") = "Tyuiu.NikolaichukVS.Sprint3.Task0.V4.Test", "Tyuiu.NikolaichukVS.Sprint3.Task0.V4.Test\Tyuiu.NikolaichukVS.Sprint3.Task0.V4.Test.csproj", "{0C907BD6-2BEC-4E8E-A37F-9D63EE49C7C4}"
EndProject
Project("{2150E333-8FDC-42A3-9474-1A3956D46DE8}") = "Task1", "Task1", "{896D4B36-5503-4405-BC68-62611BF95A7B}"
EndProject
Project("{FAE04EC0-301F-11D3-BF4B-00C04F79EFBC}") = "Tyuiu.NikolaichukVS.Sprint3.Task1.V2", "Tyuiu.NikolaichukVS.Sprint3.Task1.V2\Tyuiu.NikolaichukVS.Sprint3.Task1.V2.csproj", "{8145F300-29A6-4C4E-834F-3F02C5F38995}"
EndProject
Project("{FAE04EC0-301F-11D3-BF4B-00C04F79EFBC}") = "Tyuiu.NikolaichukVS.Sprint3.Task1.V2.Lib", "Tyuiu.NikolaichukVS.Sprint3.Task1.V2.Lib\Tyuiu.NikolaichukVS.Sprint3.Task1.V2.Lib.csproj", "{D4F609CB-99FD-4A18-84A1-2CD05A3403EF}"
EndProject
Project("{FAE04EC0-301F-11D3-BF4B-00C04F79EFBC}") = "Tyuiu.NikolaichukVS.Sprint3.Task1.V2.Test", "Tyuiu.NikolaichukVS.Sprint3.Task1.V2.Test\Tyuiu.NikolaichukVS.Sprint3.Task1.V2.Test.csproj", "{8CE261C1-F9CD-4DF9-B0C6-9975C7FC1219}"
EndProject
Project("{2150E333-8FDC-42A3-9474-1A3956D46DE8}") = "Task2", "Task2", "{263D6E18-911F-4680-BEE7-C909C428F034}"
EndProject
Project("{FAE04EC0-301F-11D3-BF4B-00C04F79EFBC}") = "Tyuiu.NikolaichukVS.Sprint3.Task2.V29", "Tyuiu.NikolaichukVS.Sprint3.Task2.V29\Tyuiu.NikolaichukVS.Sprint3.Task2.V29.csproj", "{73839FB6-D2FB-4B2B-BA53-D31A63EFB0B7}"
EndProject
Project("{FAE04EC0-301F-11D3-BF4B-00C04F79EFBC}") = "Tyuiu.NikolaichukVS.Sprint3.Task2.V29.Lib", "Tyuiu.NikolaichukVS.Sprint3.Task2.V29.Lib\Tyuiu.NikolaichukVS.Sprint3.Task2.V29.Lib.csproj", "{A6FA1657-B371-488E-9F4C-B497A533CD90}"
EndProject
Project("{FAE04EC0-301F-11D3-BF4B-00C04F79EFBC}") = "Tyuiu.NikolaichukVS.Sprint3.Task2.V29.Test", "Tyuiu.NikolaichukVS.Sprint3.Task2.V29.Test\Tyuiu.NikolaichukVS.Sprint3.Task2.V29.Test.csproj", "{54475C93-15B1-4919-88B8-311C10A5587E}"
EndProject
Project("{2150E333-8FDC-42A3-9474-1A3956D46DE8}") = "Task3", "Task3", "{0D93C51A-3D02-4329-B712-21DBCB42BA39}"
EndProject
Project("{FAE04EC0-301F-11D3-BF4B-00C04F79EFBC}") = "Tyuiu.NikolaichukVS.Sprint3.Task3.V28", "Tyuiu.NikolaichukVS.Sprint3.Task3.V28\Tyuiu.NikolaichukVS.Sprint3.Task3.V28.csproj", "{A2F281E9-18FD-4032-8DB3-C7D920278237}"
EndProject
Project("{FAE04EC0-301F-11D3-BF4B-00C04F79EFBC}") = "Tyuiu.NikolaichukVS.Sprint3.Task3.V28.Lib", "Tyuiu.NikolaichukVS.Sprint3.Task3.V28.Lib\Tyuiu.NikolaichukVS.Sprint3.Task3.V28.Lib.csproj", "{9E703C2D-6F15-4856-88BB-8329FA1FB2FA}"
EndProject
Project("{FAE04EC0-301F-11D3-BF4B-00C04F79EFBC}") = "Tyuiu.NikolaichukVS.Sprint3.Task3.V28.Test", "Tyuiu.NikolaichukVS.Sprint3.Task3.V28.Test\Tyuiu.NikolaichukVS.Sprint3.Task3.V28.Test.csproj", "{30026C2B-8712-4637-BFF8-5D190226C802}"
EndProject
Project("{2150E333-8FDC-42A3-9474-1A3956D46DE8}") = "Task4", "Task4", "{6A98D8D4-45BE-413E-927F-A890460ACFC2}"
EndProject
Project("{FAE04EC0-301F-11D3-BF4B-00C04F79EFBC}") = "Tyuiu.NikolaichukVS.Sprint3.Task4.V12", "Tyuiu.NikolaichukVS.Sprint3.Task4.V12\Tyuiu.NikolaichukVS.Sprint3.Task4.V12.csproj", "{95EDE17D-83C3-42D0-BB15-2A9A80CCF820}"
EndProject
Project("{FAE04EC0-301F-11D3-BF4B-00C04F79EFBC}") = "Tyuiu.NikolaichukVS.Sprint3.Task4.V12.Lib", "Tyuiu.NikolaichukVS.Sprint3.Task4.V12.Lib\Tyuiu.NikolaichukVS.Sprint3.Task4.V12.Lib.csproj", "{E93D6C7B-740E-4C84-B18A-1C162926045C}"
EndProject
Project("{FAE04EC0-301F-11D3-BF4B-00C04F79EFBC}") = "Tyuiu.NikolaichukVS.Sprint3.Task4.V12.Test", "Tyuiu.NikolaichukVS.Sprint3.Task4.V12.Test\Tyuiu.NikolaichukVS.Sprint3.Task4.V12.Test.csproj", "{6F5A5A78-194D-4012-B9C7-D6637F2E16B9}"
EndProject
Project("{2150E333-8FDC-42A3-9474-1A3956D46DE8}") = "Task5", "Task5", "{BE34BFE1-17A1-46AF-9C60-284F8E1CF1E4}"
EndProject
Project("{FAE04EC0-301F-11D3-BF4B-00C04F79EFBC}") = "Tyuiu.NikolaichukVS.Sprint3.Task5.V3", "Tyuiu.NikolaichukVS.Sprint3.Task5.V3\Tyuiu.NikolaichukVS.Sprint3.Task5.V3.csproj", "{E897D989-06A6-4A71-AC5C-CBD6AAAE7C1F}"
EndProject
Project("{FAE04EC0-301F-11D3-BF4B-00C04F79EFBC}") = "Tyuiu.NikolaichukVS.Sprint3.Task5.V3.Lib", "Tyuiu.NikolaichukVS.Sprint3.Task5.V3.Lib\Tyuiu.NikolaichukVS.Sprint3.Task5.V3.Lib.csproj", "{2F0886B0-3641-4DFF-BFA3-04E51AE577BF}"
EndProject
Project("{FAE04EC0-301F-11D3-BF4B-00C04F79EFBC}") = "Tyuiu.NikolaichukVS.Sprint3.Task5.V3.Test", "Tyuiu.NikolaichukVS.Sprint3.Task5.V3.Test\Tyuiu.NikolaichukVS.Sprint3.Task5.V3.Test.csproj", "{71B5F63C-0468-469D-BA6B-A8FEE7ACFA3F}"
EndProject
Project("{2150E333-8FDC-42A3-9474-1A3956D46DE8}") = "Task6", "Task6", "{9644885F-D49D-4781-B82E-2244B47EB816}"
EndProject
Project("{FAE04EC0-301F-11D3-BF4B-00C04F79EFBC}") = "Tyuiu.NikolaichukVS.Sprint3.Task6.V19", "Tyuiu.NikolaichukVS.Sprint3.Task6.V19\Tyuiu.NikolaichukVS.Sprint3.Task6.V19.csproj", "{467F5C78-EBFD-4F92-B72C-9835D022F3BF}"
EndProject
Project("{FAE04EC0-301F-11D3-BF4B-00C04F79EFBC}") = "Tyuiu.NikolaichukVS.Sprint3.Task6.V19.Lib", "Tyuiu.NikolaichukVS.Sprint3.Task6.V19.Lib\Tyuiu.NikolaichukVS.Sprint3.Task6.V19.Lib.csproj", "{A7FD742C-B241-4EBE-9DD2-5E8DD4451AC6}"
EndProject
Project("{FAE04EC0-301F-11D3-BF4B-00C04F79EFBC}") = "Tyuiu.NikolaichukVS.Sprint3.Task6.V19.Test", "Tyuiu.NikolaichukVS.Sprint3.Task6.V19.Test\Tyuiu.NikolaichukVS.Sprint3.Task6.V19.Test.csproj", "{2A9D9E24-BABA-4ED6-A8EF-C1B66C855F48}"
EndProject
Global
	GlobalSection(SolutionConfigurationPlatforms) = preSolution
		Debug|Any CPU = Debug|Any CPU
		Release|Any CPU = Release|Any CPU
	EndGlobalSection
	GlobalSection(ProjectConfigurationPlatforms) = postSolution
		{2020A10F-54EA-4954-90CB-B7F33BABB35C}.Debug|Any CPU.ActiveCfg = Debug|Any CPU
		{2020A10F-54EA-4954-90CB-B7F33BABB35C}.Debug|Any CPU.Build.0 = Debug|Any CPU
		{2020A10F-54EA-4954-90CB-B7F33BABB35C}.Release|Any CPU.ActiveCfg = Release|Any CPU
		{2020A10F-54EA-4954-90CB-B7F33BABB35C}.Release|Any CPU.Build.0 = Release|Any CPU
		{32C612B8-7560-4BAB-8925-72ECCD7C486E}.Debug|Any CPU.ActiveCfg = Debug|Any CPU
		{32C612B8-7560-4BAB-8925-72ECCD7C486E}.Debug|Any CPU.Build.0 = Debug|Any CPU
		{32C612B8-7560-4BAB-8925-72ECCD7C486E}.Release|Any CPU.ActiveCfg = Release|Any CPU
		{32C612B8-7560-4BAB-8925-72ECCD7C486E}.Release|Any CPU.Build.0 = Release|Any CPU
		{0C907BD6-2BEC-4E8E-A37F-9D63EE49C7C4}.Debug|Any CPU.ActiveCfg = Debug|Any CPU
		{0C907BD6-2BEC-4E8E-A37F-9D63EE49C7C4}.Debug|Any CPU.Build.0 = Debug|Any CPU
		{0C907BD6-2BEC-4E8E-A37F-9D63EE49C7C4}.Release|Any CPU.ActiveCfg = Release|Any CPU
		{0C907BD6-2BEC-4E8E-A37F-9D63EE49C7C4}.Release|Any CPU.Build.0 = Release|Any CPU
		{8145F300-29A6-4C4E-834F-3F02C5F38995}.Debug|Any CPU.ActiveCfg = Debug|Any CPU
		{8145F300-29A6-4C4E-834F-3F02C5F38995}.Debug|Any CPU.Build.0 = Debug|Any CPU
		{8145F300-29A6-4C4E-834F-3F02C5F38995}.Release|Any CPU.ActiveCfg = Release|Any CPU
		{8145F300-29A6-4C4E-834F-3F02C5F38995}.Release|Any CPU.Build.0 = Release|Any CPU
		{D4F609CB-99FD-4A18-84A1-2CD05A3403EF}.Debug|Any CPU.ActiveCfg = Debug|Any CPU
		{D4F609CB-99FD-4A18-84A1-2CD05A3403EF}.Debug|Any CPU.Build.0 = Debug|Any CPU
		{D4F609CB-99FD-4A18-84A1-2CD05A3403EF}.Release|Any CPU.ActiveCfg = Release|Any CPU
		{D4F609CB-99FD-4A18-84A1-2CD05A3403EF}.Release|Any CPU.Build.0 = Release|Any CPU
		{8CE261C1-F9CD-4DF9-B0C6-9975C7FC1219}.Debug|Any CPU.ActiveCfg = Debug|Any CPU
		{8CE261C1-F9CD-4DF9-B0C6-9975C7FC1219}.Debug|Any CPU.Build.0 = Debug|Any CPU
		{8CE261C1-F9CD-4DF9-B0C6-9975C7FC1219}.Release|Any CPU.ActiveCfg = Release|Any CPU
		{8CE261C1-F9CD-4DF9-B0C6-9975C7FC1219}.Release|Any CPU.Build.0 = Release|Any CPU
		{73839FB6-D2FB-4B2B-BA53-D31A63EFB0B7}.Debug|Any CPU.ActiveCfg = Debug|Any CPU
		{73839FB6-D2FB-4B2B-BA53-D31A63EFB0B7}.Debug|Any CPU.Build.0 = Debug|Any CPU
		{73839FB6-D2FB-4B2B-BA53-D31A63EFB0B7}.Release|Any CPU.ActiveCfg = Release|Any CPU
		{73839FB6-D2FB-4B2B-BA53-D31A63EFB0B7}.Release|Any CPU.Build.0 = Release|Any CPU
		{A6FA1657-B371-488E-9F4C-B497A533CD90}.Debug|Any CPU.ActiveCfg = Debug|Any CPU
		{A6FA1657-B371-488E-9F4C-B497A533CD90}.Debug|Any CPU.Build.0 = Debug|Any CPU
		{A6FA1657-B371-488E-9F4C-B497A533CD90}.Release|Any CPU.ActiveCfg = Release|Any CPU
		{A6FA1657-B371-488E-9F4C-B497A533CD90}.Release|Any CPU.Build.0 = Release|Any CPU
		{54475C93-15B1-4919-88B8-311C10A5587E}.Debug|Any CPU.ActiveCfg = Debug|Any CPU
		{54475C93-15B1-4919-88B8-311C10A5587E}.Debug|Any CPU.Build.0 = Debug|Any CPU
		{54475C93-15B1-4919-88B8-311C10A5587E}.Release|Any CPU.ActiveCfg = Release|Any CPU
		{54475C93-15B1-4919-88B8-311C10A5587E}.Release|Any CPU.Build.0 = Release|Any CPU
		{A2F281E9-18FD-4032-8DB3-C7D920278237}.Debug|Any CPU.ActiveCfg = Debug|Any CPU
		{A2F281E9-18FD-4032-8DB3-C7D920278237}.Debug|Any CPU.Build.0 = Debug|Any CPU
		{A2F281E9-18FD-4032-8DB3-C7D920278237}.Release|Any CPU.ActiveCfg = Release|Any CPU
		{A2F281E9-18FD-4032-8DB3-C7D920278237}.Release|Any CPU.Build.0 = Release|Any CPU
		{9E703C2D-6F15-4856-88BB-8329FA1FB2FA}.Debug|Any CPU.ActiveCfg = Debug|Any CPU
		{9E703C2D-6F15-4856-88BB-8329FA1FB2FA}.Debug|Any CPU.Build.0 = Debug|Any CPU
		{9E703C2D-6F15-4856-88BB-8329FA1FB2FA}.Release|Any CPU.ActiveCfg = Release|Any CPU
		{9E703C2D-6F15-4856-88BB-8329FA1FB2FA}.Release|Any CPU.Build.0 = Release|Any CPU
		{30026C2B-8712-4637-BFF8-5D190226C802}.Debug|Any CPU.ActiveCfg = Debug|Any CPU
		{30026C2B-8712-4637-BFF8-5D190226C802}.Debug|Any CPU.Build.0 = Debug|Any CPU
		{30026C2B-8712-4637-BFF8-5D190226C802}.Release|Any CPU.ActiveCfg = Release|Any CPU
		{30026C2B-8712-4637-BFF8-5D190226C802}.Release|Any CPU.Build.0 = Release|Any CPU
		{95EDE17D-83C3-42D0-BB15-2A9A80CCF820}.Debug|Any CPU.ActiveCfg = Debug|Any CPU
		{95EDE17D-83C3-42D0-BB15-2A9A80CCF820}.Debug|Any CPU.Build.0 = Debug|Any CPU
		{95EDE17D-83C3-42D0-BB15-2A9A80CCF820}.Release|Any CPU.ActiveCfg = Release|Any CPU
		{95EDE17D-83C3-42D0-BB15-2A9A80CCF820}.Release|Any CPU.Build.0 = Release|Any CPU
		{E93D6C7B-740E-4C84-B18A-1C162926045C}.Debug|Any CPU.ActiveCfg = Debug|Any CPU
		{E93D6C7B-740E-4C84-B18A-1C162926045C}.Debug|Any CPU.Build.0 = Debug|Any CPU
		{E93D6C7B-740E-4C84-B18A-1C162926045C}.Release|Any CPU.ActiveCfg = Release|Any CPU
		{E93D6C7B-740E-4C84-B18A-1C162926045C}.Release|Any CPU.Build.0 = Release|Any CPU
		{6F5A5A78-194D-4012-B9C7-D6637F2E16B9}.Debug|Any CPU.ActiveCfg = Debug|Any CPU
		{6F5A5A78-194D-4012-B9C7-D6637F2E16B9}.Debug|Any CPU.Build.0 = Debug|Any CPU
		{6F5A5A78-194D-4012-B9C7-D6637F2E16B9}.Release|Any CPU.ActiveCfg = Release|Any CPU
		{6F5A5A78-194D-4012-B9C7-D6637F2E16B9}.Release|Any CPU.Build.0 = Release|Any CPU
		{E897D989-06A6-4A71-AC5C-CBD6AAAE7C1F}.Debug|Any CPU.ActiveCfg = Debug|Any CPU
		{E897D989-06A6-4A71-AC5C-CBD6AAAE7C1F}.Debug|Any CPU.Build.0 = Debug|Any CPU
		{E897D989-06A6-4A71-AC5C-CBD6AAAE7C1F}.Release|Any CPU.ActiveCfg = Release|Any CPU
		{E897D989-06A6-4A71-AC5C-CBD6AAAE7C1F}.Release|Any CPU.Build.0 = Release|Any CPU
		{2F0886B0-3641-4DFF-BFA3-04E51AE577BF}.Debug|Any CPU.ActiveCfg = Debug|Any CPU
		{2F0886B0-3641-4DFF-BFA3-04E51AE577BF}.Debug|Any CPU.Build.0 = Debug|Any CPU
		{2F0886B0-3641-4DFF-BFA3-04E51AE577BF}.Release|Any CPU.ActiveCfg = Release|Any CPU
		{2F0886B0-3641-4DFF-BFA3-04E51AE577BF}.Release|Any CPU.Build.0 = Release|Any CPU
		{71B5F63C-0468-469D-BA6B-A8FEE7ACFA3F}.Debug|Any CPU.ActiveCfg = Debug|Any CPU
		{71B5F63C-0468-469D-BA6B-A8FEE7ACFA3F}.Debug|Any CPU.Build.0 = Debug|Any CPU
		{71B5F63C-0468-469D-BA6B-A8FEE7ACFA3F}.Release|Any CPU.ActiveCfg = Release|Any CPU
		{71B5F63C-0468-469D-BA6B-A8FEE7ACFA3F}.Release|Any CPU.Build.0 = Release|Any CPU
		{467F5C78-EBFD-4F92-B72C-9835D022F3BF}.Debug|Any CPU.ActiveCfg = Debug|Any CPU
		{467F5C78-EBFD-4F92-B72C-9835D022F3BF}.Debug|Any CPU.Build.0 = Debug|Any CPU
		{467F5C78-EBFD-4F92-B72C-9835D022F3BF}.Release|Any CPU.ActiveCfg = Release|Any CPU
		{467F5C78-EBFD-4F92-B72C-9835D022F3BF}.Release|Any CPU.Build.0 = Release|Any CPU
		{A7FD742C-B241-4EBE-9DD2-5E8DD4451AC6}.Debug|Any CPU.ActiveCfg = Debug|Any CPU
		{A7FD742C-B241-4EBE-9DD2-5E8DD4451AC6}.Debug|Any CPU.Build.0 = Debug|Any CPU
		{A7FD742C-B241-4EBE-9DD2-5E8DD4451AC6}.Release|Any CPU.ActiveCfg = Release|Any CPU
		{A7FD742C-B241-4EBE-9DD2-5E8DD4451AC6}.Release|Any CPU.Build.0 = Release|Any CPU
		{2A9D9E24-BABA-4ED6-A8EF-C1B66C855F48}.Debug|Any CPU.ActiveCfg = Debug|Any CPU
		{2A9D9E24-BABA-4ED6-A8EF-C1B66C855F48}.Debug|Any CPU.Build.0 = Debug|Any CPU
		{2A9D9E24-BABA-4ED6-A8EF-C1B66C855F48}.Release|Any CPU.ActiveCfg = Release|Any CPU
		{2A9D9E24-BABA-4ED6-A8EF-C1B66C855F48}.Release|Any CPU.Build.0 = Release|Any CPU
	EndGlobalSection
	GlobalSection(SolutionProperties) = preSolution
		HideSolutionNode = FALSE
	EndGlobalSection
	GlobalSection(NestedProjects) = preSolution
		{2020A10F-54EA-4954-90CB-B7F33BABB35C} = {2FFD6B87-1458-4165-A8DD-125D44E8C2C2}
		{32C612B8-7560-4BAB-8925-72ECCD7C486E} = {2FFD6B87-1458-4165-A8DD-125D44E8C2C2}
		{0C907BD6-2BEC-4E8E-A37F-9D63EE49C7C4} = {2FFD6B87-1458-4165-A8DD-125D44E8C2C2}
		{8145F300-29A6-4C4E-834F-3F02C5F38995} = {896D4B36-5503-4405-BC68-62611BF95A7B}
		{D4F609CB-99FD-4A18-84A1-2CD05A3403EF} = {896D4B36-5503-4405-BC68-62611BF95A7B}
		{8CE261C1-F9CD-4DF9-B0C6-9975C7FC1219} = {896D4B36-5503-4405-BC68-62611BF95A7B}
		{73839FB6-D2FB-4B2B-BA53-D31A63EFB0B7} = {263D6E18-911F-4680-BEE7-C909C428F034}
		{A6FA1657-B371-488E-9F4C-B497A533CD90} = {263D6E18-911F-4680-BEE7-C909C428F034}
		{54475C93-15B1-4919-88B8-311C10A5587E} = {263D6E18-911F-4680-BEE7-C909C428F034}
		{A2F281E9-18FD-4032-8DB3-C7D920278237} = {0D93C51A-3D02-4329-B712-21DBCB42BA39}
		{9E703C2D-6F15-4856-88BB-8329FA1FB2FA} = {0D93C51A-3D02-4329-B712-21DBCB42BA39}
		{30026C2B-8712-4637-BFF8-5D190226C802} = {0D93C51A-3D02-4329-B712-21DBCB42BA39}
		{95EDE17D-83C3-42D0-BB15-2A9A80CCF820} = {6A98D8D4-45BE-413E-927F-A890460ACFC2}
		{E93D6C7B-740E-4C84-B18A-1C162926045C} = {6A98D8D4-45BE-413E-927F-A890460ACFC2}
		{6F5A5A78-194D-4012-B9C7-D6637F2E16B9} = {6A98D8D4-45BE-413E-927F-A890460ACFC2}
		{E897D989-06A6-4A71-AC5C-CBD6AAAE7C1F} = {BE34BFE1-17A1-46AF-9C60-284F8E1CF1E4}
		{2F0886B0-3641-4DFF-BFA3-04E51AE577BF} = {BE34BFE1-17A1-46AF-9C60-284F8E1CF1E4}
		{71B5F63C-0468-469D-BA6B-A8FEE7ACFA3F} = {BE34BFE1-17A1-46AF-9C60-284F8E1CF1E4}
		{467F5C78-EBFD-4F92-B72C-9835D022F3BF} = {9644885F-D49D-4781-B82E-2244B47EB816}
		{A7FD742C-B241-4EBE-9DD2-5E8DD4451AC6} = {9644885F-D49D-4781-B82E-2244B47EB816}
		{2A9D9E24-BABA-4ED6-A8EF-C1B66C855F48} = {9644885F-D49D-4781-B82E-2244B47EB816}
	EndGlobalSection
	GlobalSection(ExtensibilityGlobals) = postSolution
		SolutionGuid = {C4EA8FFE-7714-46F2-837D-B2A2B4DFD72E}
	EndGlobalSection
EndGlobal
